{
  "name": "contrast-plus-scripts",
  "version": "0.0.0",
  "lockfileVersion": 3,
  "requires": true,
  "packages": {
    "": {
      "name": "contrast-plus-scripts",
      "version": "0.0.0",
      "dependencies": {
        "apca-w3": "^0.1.9"
      }
    },
    "node_modules/apca-w3": {
      "version": "0.1.9",
      "resolved": "https://registry.npmjs.org/apca-w3/-/apca-w3-0.1.9.tgz",
      "integrity": "sha512-Zrf6AeBeQjNe/fxK7U1jCo5zfdjDl6T4/kdw5Xlky3G7u+EJTZkyItjMYQGtwf9pkftsINxcYyOpuLkzKf1ITQ==",
      "dependencies": {
        "colorparsley": "^0.1.8"
      }
    },
    "node_modules/colorparsley": {
      "version": "0.1.8",
      "resolved": "https://registry.npmjs.org/colorparsley/-/colorparsley-0.1.8.tgz",
      "integrity": "sha512-rObESTTTE6G5qO5WFwFxWPggpw4KfpxnLC6Ssl8bITBnNVRhDsyCeTRAUxWQNVTx2pRknKlO2nddYTxjkdNFaw=="
    }
  }
}
